{
  "requires": true,
  "lockfileVersion": 1,
  "dependencies": {
    "acorn": {
      "version": "5.5.3",
      "resolved": "https://registry.npmjs.org/acorn/-/acorn-5.5.3.tgz",
      "integrity": "sha512-jd5MkIUlbbmb07nXH0DT3y7rDVtkzDi4XZOUVWAer8ajmF/DTSSbl5oNFyDOl/OXA33Bl79+ypHhl2pN20VeOQ=="
    },
    "app-root-path": {
      "version": "2.0.1",
      "resolved": "https://registry.npmjs.org/app-root-path/-/app-root-path-2.0.1.tgz",
      "integrity": "sha1-zWLc+OT9WkF+/GZNLlsQZTxlG0Y="
    },
    "astring": {
      "version": "1.2.0",
      "resolved": "https://registry.npmjs.org/astring/-/astring-1.2.0.tgz",
      "integrity": "sha512-k56RHONVedeLvo2bOh640l6Hn5MtnDFLPsRFq4L5O6ts7mJNBGssYA32ju8LXBIqXk9zY12iKY6m2dnW0qGH/g=="
    },
    "callsite": {
      "version": "1.0.0",
      "resolved": "https://registry.npmjs.org/callsite/-/callsite-1.0.0.tgz",
      "integrity": "sha1-KAOY5dZkvXQDi28JBRU+borxvCA="
    },
    "node-icecream": {
      "version": "1.0.0",
      "resolved": "https://registry.npmjs.org/node-icecream/-/node-icecream-1.0.0.tgz",
      "integrity": "sha1-j/0GhZUceaONd2bIm5eRcPYGqU4=",
      "requires": {
        "acorn": "5.5.3",
        "app-root-path": "2.0.1",
        "astring": "1.2.0",
        "callsite": "1.0.0"
      }
    }
  }
}
