# Generated by pub
# See http://pub.dartlang.org/doc/glossary.html#lockfile
packages:
  inspect:
    description:
      name: inspect
      url: "https://pub.dartlang.org"
    source: hosted
    version: "0.0.1"
  path:
    description:
      name: path
      url: "https://pub.dartlang.org"
    source: hosted
    version: "1.5.1"
sdks:
  dart: ">=1.0.0 <2.0.0"
